{
  "name": "cave-in",
  "version": "0.0.1",
  "lockfileVersion": 1,
  "requires": true,
  "dependencies": {
    "@types/browserify": {
      "version": "12.0.36",
      "requires": {
        "@types/insert-module-globals": "*",
        "@types/node": "*"
      }
    },
    "@types/express": {
      "version": "4.16.0",
      "requires": {
        "@types/body-parser": "*",
        "@types/express-serve-static-core": "*",
        "@types/serve-static": "*"
      }
    },
    "@types/fscreen": {
      "version": "1.0.1"
    },
    "@types/howler": {
      "version": "2.1.1"
    },
    "@types/random-js": {
      "version": "1.0.31"
    },
    "browserify": {
      "version": "16.3.0",
      "requires": {
        "JSONStream": "^1.0.3",
        "assert": "^1.4.0",
        "browser-pack": "^6.0.1",
        "browser-resolve": "^1.11.0",
        "browserify-zlib": "~0.2.0",
        "buffer": "^5.0.2",
        "cached-path-relative": "^1.0.0",
        "concat-stream": "^1.6.0",
        "console-browserify": "^1.1.0",
        "constants-browserify": "~1.0.0",
        "crypto-browserify": "^3.0.0",
        "defined": "^1.0.0",
        "deps-sort": "^2.0.0",
        "domain-browser": "^1.2.0",
        "duplexer2": "~0.1.2",
        "events": "^2.0.0",
        "glob": "^7.1.0",
        "has": "^1.0.0",
        "htmlescape": "^1.1.0",
        "https-browserify": "^1.0.0",
        "inherits": "~2.0.1",
        "insert-module-globals": "^7.0.0",
        "labeled-stream-splicer": "^2.0.0",
        "mkdirp": "^0.5.0",
        "module-deps": "^6.0.0",
        "os-browserify": "~0.3.0",
        "parents": "^1.0.1",
        "path-browserify": "~0.0.0",
        "process": "~0.11.0",
        "punycode": "^1.3.2",
        "querystring-es3": "~0.2.0",
        "read-only-stream": "^2.0.0",
        "readable-stream": "^2.0.2",
        "resolve": "^1.1.4",
        "shasum": "^1.0.0",
        "shell-quote": "^1.6.1",
        "stream-browserify": "^2.0.0",
        "stream-http": "^2.0.0",
        "string_decoder": "^1.1.1",
        "subarg": "^1.0.0",
        "syntax-error": "^1.1.1",
        "through2": "^2.0.0",
        "timers-browserify": "^1.0.1",
        "tty-browserify": "0.0.1",
        "url": "~0.11.0",
        "util": "~0.10.1",
        "vm-browserify": "^1.0.0",
        "xtend": "^4.0.0"
      }
    },
    "express": {
      "version": "4.16.4",
      "requires": {
        "accepts": "~1.3.5",
        "array-flatten": "1.1.1",
        "body-parser": "1.18.3",
        "content-disposition": "0.5.2",
        "content-type": "~1.0.4",
        "cookie": "0.3.1",
        "cookie-signature": "1.0.6",
        "debug": "2.6.9",
        "depd": "~1.1.2",
        "encodeurl": "~1.0.2",
        "escape-html": "~1.0.3",
        "etag": "~1.8.1",
        "finalhandler": "1.1.1",
        "fresh": "0.5.2",
        "merge-descriptors": "1.0.1",
        "methods": "~1.1.2",
        "on-finished": "~2.3.0",
        "parseurl": "~1.3.2",
        "path-to-regexp": "0.1.7",
        "proxy-addr": "~2.0.4",
        "qs": "6.5.2",
        "range-parser": "~1.2.0",
        "safe-buffer": "5.1.2",
        "send": "0.16.2",
        "serve-static": "1.13.2",
        "setprototypeof": "1.1.0",
        "statuses": "~1.4.0",
        "type-is": "~1.6.16",
        "utils-merge": "1.0.1",
        "vary": "~1.1.2"
      }
    },
    "fscreen": {
      "version": "1.0.2"
    },
    "howler": {
      "version": "2.1.2"
    },
    "preact": {
      "version": "8.4.2"
    },
    "preact-context": {
      "version": "1.1.3"
    },
    "random-js": {
      "version": "2.0.0"
    },
    "tsc-watch": {
      "version": "2.2.1",
      "requires": {
        "cross-spawn": "^5.1.0",
        "node-cleanup": "^2.1.2",
        "ps-tree": "^1.2.0",
        "string-argv": "^0.1.1",
        "strip-ansi": "^4.0.0"
      }
    },
    "typescript": {
      "version": "3.4.5"
    },
    "uglifyify": {
      "version": "5.0.1",
      "requires": {
        "convert-source-map": "~1.1.0",
        "extend": "^1.2.1",
        "minimatch": "^3.0.2",
        "terser": "^3.7.5",
        "through": "~2.3.4"
      }
    }
  }
}
